
Microsoft Visual Studio Solution File, Format Version 12.00
# Visual Studio Version 17
VisualStudioVersion = 17.0.31903.59
MinimumVisualStudioVersion = 10.0.40219.1
Project("{FAE04EC0-301F-11D3-BF4B-00C04F79EFBC}") = "Proje12_Generics", "Proje12_Generics\Proje12_Generics.csproj", "{EBF2B77D-279F-468E-82FC-A10D747934C3}"
EndProject
Global
	GlobalSection(SolutionConfigurationPlatforms) = preSolution
		Debug|Any CPU = Debug|Any CPU
		Release|Any CPU = Release|Any CPU
	EndGlobalSection
	GlobalSection(SolutionProperties) = preSolution
		HideSolutionNode = FALSE
	EndGlobalSection
	GlobalSection(ProjectConfigurationPlatforms) = postSolution
		{EBF2B77D-279F-468E-82FC-A10D747934C3}.Debug|Any CPU.ActiveCfg = Debug|Any CPU
		{EBF2B77D-279F-468E-82FC-A10D747934C3}.Debug|Any CPU.Build.0 = Debug|Any CPU
		{EBF2B77D-279F-468E-82FC-A10D747934C3}.Release|Any CPU.ActiveCfg = Release|Any CPU
		{EBF2B77D-279F-468E-82FC-A10D747934C3}.Release|Any CPU.Build.0 = Release|Any CPU
	EndGlobalSection
EndGlobal
